// !$*UTF8*$!
{
	archiveVersion = 1;
	classes = {
	};
	objectVersion = 51;
	objects = {

/* Begin PBXBuildFile section */
		1FA43BD3224E569900F565CB /* AppDelegate.swift in Sources */ = {isa = PBXBuildFile; fileRef = 1FA43BD2224E569900F565CB /* AppDelegate.swift */; };
		1FA43BD5224E569900F565CB /* CountViewController.swift in Sources */ = {isa = PBXBuildFile; fileRef = 1FA43BD4224E569900F565CB /* CountViewController.swift */; };
		1FA43BD8224E569900F565CB /* Main.storyboard in Resources */ = {isa = PBXBuildFile; fileRef = 1FA43BD6224E569900F565CB /* Main.storyboard */; };
		1FA43BDA224E569A00F565CB /* Assets.xcassets in Resources */ = {isa = PBXBuildFile; fileRef = 1FA43BD9224E569A00F565CB /* Assets.xcassets */; };
		1FA43BDD224E569A00F565CB /* LaunchScreen.storyboard in Resources */ = {isa = PBXBuildFile; fileRef = 1FA43BDB224E569A00F565CB /* LaunchScreen.storyboard */; };
		2C06A101230C5B2200DFB473 /* CountOnMeTests.swift in Sources */ = {isa = PBXBuildFile; fileRef = 2C06A100230C5B2200DFB473 /* CountOnMeTests.swift */; };
		2C48970C230BCC4200E67D17 /* Calculate.swift in Sources */ = {isa = PBXBuildFile; fileRef = 2C48970B230BCC4200E67D17 /* Calculate.swift */; };
		2C5DF951232A273A00DF0BA6 /* CountViewModel.swift in Sources */ = {isa = PBXBuildFile; fileRef = 2C5DF950232A273A00DF0BA6 /* CountViewModel.swift */; };
		2C5DF953232A2F4700DF0BA6 /* CountOnMeViewModelTests.swift in Sources */ = {isa = PBXBuildFile; fileRef = 2C5DF952232A2F4700DF0BA6 /* CountOnMeViewModelTests.swift */; };
		2CD5E3F82312C57000E50562 /* CountOnMeUITests.swift in Sources */ = {isa = PBXBuildFile; fileRef = 2CD5E3F72312C57000E50562 /* CountOnMeUITests.swift */; };
/* End PBXBuildFile section */

/* Begin PBXContainerItemProxy section */
		2C06A103230C5B2200DFB473 /* PBXContainerItemProxy */ = {
			isa = PBXContainerItemProxy;
			containerPortal = 1FA43BC7224E569900F565CB /* Project object */;
			proxyType = 1;
			remoteGlobalIDString = 1FA43BCE224E569900F565CB;
			remoteInfo = CountOnMe;
		};
		2CD5E3FA2312C57000E50562 /* PBXContainerItemProxy */ = {
			isa = PBXContainerItemProxy;
			containerPortal = 1FA43BC7224E569900F565CB /* Project object */;
			proxyType = 1;
			remoteGlobalIDString = 1FA43BCE224E569900F565CB;
			remoteInfo = CountOnMe;
		};
/* End PBXContainerItemProxy section */

/* Begin PBXFileReference section */
		1FA43BCF224E569900F565CB /* CountOnMe.app */ = {isa = PBXFileReference; explicitFileType = wrapper.application; includeInIndex = 0; path = CountOnMe.app; sourceTree = BUILT_PRODUCTS_DIR; };
		1FA43BD2224E569900F565CB /* AppDelegate.swift */ = {isa = PBXFileReference; lastKnownFileType = sourcecode.swift; path = AppDelegate.swift; sourceTree = "<group>"; };
		1FA43BD4224E569900F565CB /* CountViewController.swift */ = {isa = PBXFileReference; lastKnownFileType = sourcecode.swift; path = CountViewController.swift; sourceTree = "<group>"; };
		1FA43BD7224E569900F565CB /* Base */ = {isa = PBXFileReference; lastKnownFileType = file.storyboard; name = Base; path = Base.lproj/Main.storyboard; sourceTree = "<group>"; };
		1FA43BD9224E569A00F565CB /* Assets.xcassets */ = {isa = PBXFileReference; lastKnownFileType = folder.assetcatalog; path = Assets.xcassets; sourceTree = "<group>"; };
		1FA43BDC224E569A00F565CB /* Base */ = {isa = PBXFileReference; lastKnownFileType = file.storyboard; name = Base; path = Base.lproj/LaunchScreen.storyboard; sourceTree = "<group>"; };
		1FA43BDE224E569A00F565CB /* Info.plist */ = {isa = PBXFileReference; lastKnownFileType = text.plist.xml; path = Info.plist; sourceTree = "<group>"; };
		2C06A0FE230C5B2200DFB473 /* CountOnMeTests.xctest */ = {isa = PBXFileReference; explicitFileType = wrapper.cfbundle; includeInIndex = 0; path = CountOnMeTests.xctest; sourceTree = BUILT_PRODUCTS_DIR; };
		2C06A100230C5B2200DFB473 /* CountOnMeTests.swift */ = {isa = PBXFileReference; lastKnownFileType = sourcecode.swift; path = CountOnMeTests.swift; sourceTree = "<group>"; };
		2C06A102230C5B2200DFB473 /* Info.plist */ = {isa = PBXFileReference; lastKnownFileType = text.plist.xml; path = Info.plist; sourceTree = "<group>"; };
		2C48970B230BCC4200E67D17 /* Calculate.swift */ = {isa = PBXFileReference; lastKnownFileType = sourcecode.swift; path = Calculate.swift; sourceTree = "<group>"; };
		2C5DF950232A273A00DF0BA6 /* CountViewModel.swift */ = {isa = PBXFileReference; lastKnownFileType = sourcecode.swift; path = CountViewModel.swift; sourceTree = "<group>"; };
		2C5DF952232A2F4700DF0BA6 /* CountOnMeViewModelTests.swift */ = {isa = PBXFileReference; lastKnownFileType = sourcecode.swift; path = CountOnMeViewModelTests.swift; sourceTree = "<group>"; };
		2CD5E3F52312C57000E50562 /* CountOnMeUITests.xctest */ = {isa = PBXFileReference; explicitFileType = wrapper.cfbundle; includeInIndex = 0; path = CountOnMeUITests.xctest; sourceTree = BUILT_PRODUCTS_DIR; };
		2CD5E3F72312C57000E50562 /* CountOnMeUITests.swift */ = {isa = PBXFileReference; lastKnownFileType = sourcecode.swift; path = CountOnMeUITests.swift; sourceTree = "<group>"; };
		2CD5E3F92312C57000E50562 /* Info.plist */ = {isa = PBXFileReference; lastKnownFileType = text.plist.xml; path = Info.plist; sourceTree = "<group>"; };
/* End PBXFileReference section */

/* Begin PBXFrameworksBuildPhase section */
		1FA43BCC224E569900F565CB /* Frameworks */ = {
			isa = PBXFrameworksBuildPhase;
			buildActionMask = 2147483647;
			files = (
			);
			runOnlyForDeploymentPostprocessing = 0;
		};
		2C06A0FB230C5B2200DFB473 /* Frameworks */ = {
			isa = PBXFrameworksBuildPhase;
			buildActionMask = 2147483647;
			files = (
			);
			runOnlyForDeploymentPostprocessing = 0;
		};
		2CD5E3F22312C57000E50562 /* Frameworks */ = {
			isa = PBXFrameworksBuildPhase;
			buildActionMask = 2147483647;
			files = (
			);
			runOnlyForDeploymentPostprocessing = 0;
		};
/* End PBXFrameworksBuildPhase section */

/* Begin PBXGroup section */
		1FA43BC6224E569900F565CB = {
			isa = PBXGroup;
			children = (
				1FA43BD1224E569900F565CB /* CountOnMe */,
				2C06A0FF230C5B2200DFB473 /* CountOnMeTests */,
				2CD5E3F62312C57000E50562 /* CountOnMeUITests */,
				1FA43BD0224E569900F565CB /* Products */,
			);
			sourceTree = "<group>";
		};
		1FA43BD0224E569900F565CB /* Products */ = {
			isa = PBXGroup;
			children = (
				1FA43BCF224E569900F565CB /* CountOnMe.app */,
				2C06A0FE230C5B2200DFB473 /* CountOnMeTests.xctest */,
				2CD5E3F52312C57000E50562 /* CountOnMeUITests.xctest */,
			);
			name = Products;
			sourceTree = "<group>";
		};
		1FA43BD1224E569900F565CB /* CountOnMe */ = {
			isa = PBXGroup;
			children = (
				2C7ED178230BF1DE0061E827 /* Supporting Files */,
				2C7ED17A230BF2100061E827 /* View */,
				2C5DF94F232A271C00DF0BA6 /* ViewModel */,
				2C7ED179230BF1FB0061E827 /* Controller */,
				2C7ED177230BF1CF0061E827 /* Model */,
				1FA43BDE224E569A00F565CB /* Info.plist */,
			);
			path = CountOnMe;
			sourceTree = "<group>";
		};
		2C06A0FF230C5B2200DFB473 /* CountOnMeTests */ = {
			isa = PBXGroup;
			children = (
				2C06A100230C5B2200DFB473 /* CountOnMeTests.swift */,
				2C5DF952232A2F4700DF0BA6 /* CountOnMeViewModelTests.swift */,
				2C06A102230C5B2200DFB473 /* Info.plist */,
			);
			path = CountOnMeTests;
			sourceTree = "<group>";
		};
		2C5DF94F232A271C00DF0BA6 /* ViewModel */ = {
			isa = PBXGroup;
			children = (
				2C5DF950232A273A00DF0BA6 /* CountViewModel.swift */,
			);
			path = ViewModel;
			sourceTree = "<group>";
		};
		2C7ED177230BF1CF0061E827 /* Model */ = {
			isa = PBXGroup;
			children = (
				2C48970B230BCC4200E67D17 /* Calculate.swift */,
			);
			path = Model;
			sourceTree = "<group>";
		};
		2C7ED178230BF1DE0061E827 /* Supporting Files */ = {
			isa = PBXGroup;
			children = (
				1FA43BD2224E569900F565CB /* AppDelegate.swift */,
				1FA43BD9224E569A00F565CB /* Assets.xcassets */,
				1FA43BDB224E569A00F565CB /* LaunchScreen.storyboard */,
			);
			path = "Supporting Files";
			sourceTree = "<group>";
		};
		2C7ED179230BF1FB0061E827 /* Controller */ = {
			isa = PBXGroup;
			children = (
				1FA43BD4224E569900F565CB /* CountViewController.swift */,
			);
			path = Controller;
			sourceTree = "<group>";
		};
		2C7ED17A230BF2100061E827 /* View */ = {
			isa = PBXGroup;
			children = (
				1FA43BD6224E569900F565CB /* Main.storyboard */,
			);
			path = View;
			sourceTree = "<group>";
		};
		2CD5E3F62312C57000E50562 /* CountOnMeUITests */ = {
			isa = PBXGroup;
			children = (
				2CD5E3F72312C57000E50562 /* CountOnMeUITests.swift */,
				2CD5E3F92312C57000E50562 /* Info.plist */,
			);
			path = CountOnMeUITests;
			sourceTree = "<group>";
		};
/* End PBXGroup section */

/* Begin PBXNativeTarget section */
		1FA43BCE224E569900F565CB /* CountOnMe */ = {
			isa = PBXNativeTarget;
			buildConfigurationList = 1FA43BF7224E569A00F565CB /* Build configuration list for PBXNativeTarget "CountOnMe" */;
			buildPhases = (
				1FA43BCB224E569900F565CB /* Sources */,
				1FA43BCC224E569900F565CB /* Frameworks */,
				1FA43BCD224E569900F565CB /* Resources */,
			);
			buildRules = (
			);
			dependencies = (
			);
			name = CountOnMe;
			productName = SimpleCalc;
			productReference = 1FA43BCF224E569900F565CB /* CountOnMe.app */;
			productType = "com.apple.product-type.application";
		};
		2C06A0FD230C5B2200DFB473 /* CountOnMeTests */ = {
			isa = PBXNativeTarget;
			buildConfigurationList = 2C06A105230C5B2200DFB473 /* Build configuration list for PBXNativeTarget "CountOnMeTests" */;
			buildPhases = (
				2C06A0FA230C5B2200DFB473 /* Sources */,
				2C06A0FB230C5B2200DFB473 /* Frameworks */,
				2C06A0FC230C5B2200DFB473 /* Resources */,
			);
			buildRules = (
			);
			dependencies = (
				2C06A104230C5B2200DFB473 /* PBXTargetDependency */,
			);
			name = CountOnMeTests;
			productName = CountOnMeTests;
			productReference = 2C06A0FE230C5B2200DFB473 /* CountOnMeTests.xctest */;
			productType = "com.apple.product-type.bundle.unit-test";
		};
		2CD5E3F42312C57000E50562 /* CountOnMeUITests */ = {
			isa = PBXNativeTarget;
			buildConfigurationList = 2CD5E3FE2312C57000E50562 /* Build configuration list for PBXNativeTarget "CountOnMeUITests" */;
			buildPhases = (
				2CD5E3F12312C57000E50562 /* Sources */,
				2CD5E3F22312C57000E50562 /* Frameworks */,
				2CD5E3F32312C57000E50562 /* Resources */,
			);
			buildRules = (
			);
			dependencies = (
				2CD5E3FB2312C57000E50562 /* PBXTargetDependency */,
			);
			name = CountOnMeUITests;
			productName = CountOnMeUITests;
			productReference = 2CD5E3F52312C57000E50562 /* CountOnMeUITests.xctest */;
			productType = "com.apple.product-type.bundle.ui-testing";
		};
/* End PBXNativeTarget section */

/* Begin PBXProject section */
		1FA43BC7224E569900F565CB /* Project object */ = {
			isa = PBXProject;
			attributes = {
				LastSwiftUpdateCheck = 1030;
				LastUpgradeCheck = 1020;
				ORGANIZATIONNAME = "Vincent Saluzzo";
				TargetAttributes = {
					1FA43BCE224E569900F565CB = {
						CreatedOnToolsVersion = 10.2;
					};
					2C06A0FD230C5B2200DFB473 = {
						CreatedOnToolsVersion = 10.3;
						TestTargetID = 1FA43BCE224E569900F565CB;
					};
					2CD5E3F42312C57000E50562 = {
						CreatedOnToolsVersion = 10.3;
						TestTargetID = 1FA43BCE224E569900F565CB;
					};
				};
			};
			buildConfigurationList = 1FA43BCA224E569900F565CB /* Build configuration list for PBXProject "CountOnMe" */;
			compatibilityVersion = "Xcode 10.0";
			developmentRegion = en;
			hasScannedForEncodings = 0;
			knownRegions = (
				en,
				Base,
			);
			mainGroup = 1FA43BC6224E569900F565CB;
			productRefGroup = 1FA43BD0224E569900F565CB /* Products */;
			projectDirPath = "";
			projectRoot = "";
			targets = (
				1FA43BCE224E569900F565CB /* CountOnMe */,
				2C06A0FD230C5B2200DFB473 /* CountOnMeTests */,
				2CD5E3F42312C57000E50562 /* CountOnMeUITests */,
			);
		};
/* End PBXProject section */

/* Begin PBXResourcesBuildPhase section */
		1FA43BCD224E569900F565CB /* Resources */ = {
			isa = PBXResourcesBuildPhase;
			buildActionMask = 2147483647;
			files = (
				1FA43BDD224E569A00F565CB /* LaunchScreen.storyboard in Resources */,
				1FA43BDA224E569A00F565CB /* Assets.xcassets in Resources */,
				1FA43BD8224E569900F565CB /* Main.storyboard in Resources */,
			);
			runOnlyForDeploymentPostprocessing = 0;
		};
		2C06A0FC230C5B2200DFB473 /* Resources */ = {
			isa = PBXResourcesBuildPhase;
			buildActionMask = 2147483647;
			files = (
			);
			runOnlyForDeploymentPostprocessing = 0;
		};
		2CD5E3F32312C57000E50562 /* Resources */ = {
			isa = PBXResourcesBuildPhase;
			buildActionMask = 2147483647;
			files = (
			);
			runOnlyForDeploymentPostprocessing = 0;
		};
/* End PBXResourcesBuildPhase section */

/* Begin PBXSourcesBuildPhase section */
		1FA43BCB224E569900F565CB /* Sources */ = {
			isa = PBXSourcesBuildPhase;
			buildActionMask = 2147483647;
			files = (
				2C5DF951232A273A00DF0BA6 /* CountViewModel.swift in Sources */,
				2C48970C230BCC4200E67D17 /* Calculate.swift in Sources */,
				1FA43BD5224E569900F565CB /* CountViewController.swift in Sources */,
				1FA43BD3224E569900F565CB /* AppDelegate.swift in Sources */,
			);
			runOnlyForDeploymentPostprocessing = 0;
		};
		2C06A0FA230C5B2200DFB473 /* Sources */ = {
			isa = PBXSourcesBuildPhase;
			buildActionMask = 2147483647;
			files = (
				2C06A101230C5B2200DFB473 /* CountOnMeTests.swift in Sources */,
				2C5DF953232A2F4700DF0BA6 /* CountOnMeViewModelTests.swift in Sources */,
			);
			runOnlyForDeploymentPostprocessing = 0;
		};
		2CD5E3F12312C57000E50562 /* Sources */ = {
			isa = PBXSourcesBuildPhase;
			buildActionMask = 2147483647;
			files = (
				2CD5E3F82312C57000E50562 /* CountOnMeUITests.swift in Sources */,
			);
			runOnlyForDeploymentPostprocessing = 0;
		};
/* End PBXSourcesBuildPhase section */

/* Begin PBXTargetDependency section */
		2C06A104230C5B2200DFB473 /* PBXTargetDependency */ = {
			isa = PBXTargetDependency;
			target = 1FA43BCE224E569900F565CB /* CountOnMe */;
			targetProxy = 2C06A103230C5B2200DFB473 /* PBXContainerItemProxy */;
		};
		2CD5E3FB2312C57000E50562 /* PBXTargetDependency */ = {
			isa = PBXTargetDependency;
			target = 1FA43BCE224E569900F565CB /* CountOnMe */;
			targetProxy = 2CD5E3FA2312C57000E50562 /* PBXContainerItemProxy */;
		};
/* End PBXTargetDependency section */

/* Begin PBXVariantGroup section */
		1FA43BD6224E569900F565CB /* Main.storyboard */ = {
			isa = PBXVariantGroup;
			children = (
				1FA43BD7224E569900F565CB /* Base */,
			);
			name = Main.storyboard;
			sourceTree = "<group>";
		};
		1FA43BDB224E569A00F565CB /* LaunchScreen.storyboard */ = {
			isa = PBXVariantGroup;
			children = (
				1FA43BDC224E569A00F565CB /* Base */,
			);
			name = LaunchScreen.storyboard;
			sourceTree = "<group>";
		};
/* End PBXVariantGroup section */

/* Begin XCBuildConfiguration section */
		1FA43BF5224E569A00F565CB /* Debug */ = {
			isa = XCBuildConfiguration;
			buildSettings = {
				ALWAYS_SEARCH_USER_PATHS = NO;
				CLANG_ANALYZER_NONNULL = YES;
				CLANG_ANALYZER_NUMBER_OBJECT_CONVERSION = YES_AGGRESSIVE;
				CLANG_CXX_LANGUAGE_STANDARD = "gnu++14";
				CLANG_CXX_LIBRARY = "libc++";
				CLANG_ENABLE_MODULES = YES;
				CLANG_ENABLE_OBJC_ARC = YES;
				CLANG_ENABLE_OBJC_WEAK = YES;
				CLANG_WARN_BLOCK_CAPTURE_AUTORELEASING = YES;
				CLANG_WARN_BOOL_CONVERSION = YES;
				CLANG_WARN_COMMA = YES;
				CLANG_WARN_CONSTANT_CONVERSION = YES;
				CLANG_WARN_DEPRECATED_OBJC_IMPLEMENTATIONS = YES;
				CLANG_WARN_DIRECT_OBJC_ISA_USAGE = YES_ERROR;
				CLANG_WARN_DOCUMENTATION_COMMENTS = YES;
				CLANG_WARN_EMPTY_BODY = YES;
				CLANG_WARN_ENUM_CONVERSION = YES;
				CLANG_WARN_INFINITE_RECURSION = YES;
				CLANG_WARN_INT_CONVERSION = YES;
				CLANG_WARN_NON_LITERAL_NULL_CONVERSION = YES;
				CLANG_WARN_OBJC_IMPLICIT_RETAIN_SELF = YES;
				CLANG_WARN_OBJC_LITERAL_CONVERSION = YES;
				CLANG_WARN_OBJC_ROOT_CLASS = YES_ERROR;
				CLANG_WARN_RANGE_LOOP_ANALYSIS = YES;
				CLANG_WARN_STRICT_PROTOTYPES = YES;
				CLANG_WARN_SUSPICIOUS_MOVE = YES;
				CLANG_WARN_UNGUARDED_AVAILABILITY = YES_AGGRESSIVE;
				CLANG_WARN_UNREACHABLE_CODE = YES;
				CLANG_WARN__DUPLICATE_METHOD_MATCH = YES;
				CODE_SIGN_IDENTITY = "iPhone Developer";
				COPY_PHASE_STRIP = NO;
				DEBUG_INFORMATION_FORMAT = dwarf;
				ENABLE_STRICT_OBJC_MSGSEND = YES;
				ENABLE_TESTABILITY = YES;
				GCC_C_LANGUAGE_STANDARD = gnu11;
				GCC_DYNAMIC_NO_PIC = NO;
				GCC_NO_COMMON_BLOCKS = YES;
				GCC_OPTIMIZATION_LEVEL = 0;
				GCC_PREPROCESSOR_DEFINITIONS = (
					"DEBUG=1",
					"$(inherited)",
				);
				GCC_WARN_64_TO_32_BIT_CONVERSION = YES;
				GCC_WARN_ABOUT_RETURN_TYPE = YES_ERROR;
				GCC_WARN_UNDECLARED_SELECTOR = YES;
				GCC_WARN_UNINITIALIZED_AUTOS = YES_AGGRESSIVE;
				GCC_WARN_UNUSED_FUNCTION = YES;
				GCC_WARN_UNUSED_VARIABLE = YES;
				IPHONEOS_DEPLOYMENT_TARGET = 12.2;
				MTL_ENABLE_DEBUG_INFO = INCLUDE_SOURCE;
				MTL_FAST_MATH = YES;
				ONLY_ACTIVE_ARCH = YES;
				SDKROOT = iphoneos;
				SWIFT_ACTIVE_COMPILATION_CONDITIONS = DEBUG;
				SWIFT_OPTIMIZATION_LEVEL = "-Onone";
			};
			name = Debug;
		};
		1FA43BF6224E569A00F565CB /* Release */ = {
			isa = XCBuildConfiguration;
			buildSettings = {
				ALWAYS_SEARCH_USER_PATHS = NO;
				CLANG_ANALYZER_NONNULL = YES;
				CLANG_ANALYZER_NUMBER_OBJECT_CONVERSION = YES_AGGRESSIVE;
				CLANG_CXX_LANGUAGE_STANDARD = "gnu++14";
				CLANG_CXX_LIBRARY = "libc++";
				CLANG_ENABLE_MODULES = YES;
				CLANG_ENABLE_OBJC_ARC = YES;
				CLANG_ENABLE_OBJC_WEAK = YES;
				CLANG_WARN_BLOCK_CAPTURE_AUTORELEASING = YES;
				CLANG_WARN_BOOL_CONVERSION = YES;
				CLANG_WARN_COMMA = YES;
				CLANG_WARN_CONSTANT_CONVERSION = YES;
				CLANG_WARN_DEPRECATED_OBJC_IMPLEMENTATIONS = YES;
				CLANG_WARN_DIRECT_OBJC_ISA_USAGE = YES_ERROR;
				CLANG_WARN_DOCUMENTATION_COMMENTS = YES;
				CLANG_WARN_EMPTY_BODY = YES;
				CLANG_WARN_ENUM_CONVERSION = YES;
				CLANG_WARN_INFINITE_RECURSION = YES;
				CLANG_WARN_INT_CONVERSION = YES;
				CLANG_WARN_NON_LITERAL_NULL_CONVERSION = YES;
				CLANG_WARN_OBJC_IMPLICIT_RETAIN_SELF = YES;
				CLANG_WARN_OBJC_LITERAL_CONVERSION = YES;
				CLANG_WARN_OBJC_ROOT_CLASS = YES_ERROR;
				CLANG_WARN_RANGE_LOOP_ANALYSIS = YES;
				CLANG_WARN_STRICT_PROTOTYPES = YES;
				CLANG_WARN_SUSPICIOUS_MOVE = YES;
				CLANG_WARN_UNGUARDED_AVAILABILITY = YES_AGGRESSIVE;
				CLANG_WARN_UNREACHABLE_CODE = YES;
				CLANG_WARN__DUPLICATE_METHOD_MATCH = YES;
				CODE_SIGN_IDENTITY = "iPhone Developer";
				COPY_PHASE_STRIP = NO;
				DEBUG_INFORMATION_FORMAT = "dwarf-with-dsym";
				ENABLE_NS_ASSERTIONS = NO;
				ENABLE_STRICT_OBJC_MSGSEND = YES;
				GCC_C_LANGUAGE_STANDARD = gnu11;
				GCC_NO_COMMON_BLOCKS = YES;
				GCC_WARN_64_TO_32_BIT_CONVERSION = YES;
				GCC_WARN_ABOUT_RETURN_TYPE = YES_ERROR;
				GCC_WARN_UNDECLARED_SELECTOR = YES;
				GCC_WARN_UNINITIALIZED_AUTOS = YES_AGGRESSIVE;
				GCC_WARN_UNUSED_FUNCTION = YES;
				GCC_WARN_UNUSED_VARIABLE = YES;
				IPHONEOS_DEPLOYMENT_TARGET = 12.2;
				MTL_ENABLE_DEBUG_INFO = NO;
				MTL_FAST_MATH = YES;
				SDKROOT = iphoneos;
				SWIFT_COMPILATION_MODE = wholemodule;
				SWIFT_OPTIMIZATION_LEVEL = "-O";
				VALIDATE_PRODUCT = YES;
			};
			name = Release;
		};
		1FA43BF8224E569A00F565CB /* Debug */ = {
			isa = XCBuildConfiguration;
			buildSettings = {
				ASSETCATALOG_COMPILER_APPICON_NAME = AppIcon;
				CODE_SIGN_IDENTITY = "iPhone Developer";
				CODE_SIGN_STYLE = Automatic;
				DEVELOPMENT_TEAM = B27HT7JX8Q;
				INFOPLIST_FILE = "$(SRCROOT)/CountOnMe/Info.plist";
				LD_RUNPATH_SEARCH_PATHS = (
					"$(inherited)",
					"@executable_path/Frameworks",
				);
				PRODUCT_BUNDLE_IDENTIFIER = io.fabricetienentte;
				PRODUCT_NAME = "$(TARGET_NAME)";
				PROVISIONING_PROFILE_SPECIFIER = "";
				SWIFT_VERSION = 5.0;
				TARGETED_DEVICE_FAMILY = "1,2";
			};
			name = Debug;
		};
		1FA43BF9224E569A00F565CB /* Release */ = {
			isa = XCBuildConfiguration;
			buildSettings = {
				ASSETCATALOG_COMPILER_APPICON_NAME = AppIcon;
				CODE_SIGN_IDENTITY = "iPhone Developer";
				CODE_SIGN_STYLE = Automatic;
				DEVELOPMENT_TEAM = B27HT7JX8Q;
				INFOPLIST_FILE = "$(SRCROOT)/CountOnMe/Info.plist";
				LD_RUNPATH_SEARCH_PATHS = (
					"$(inherited)",
					"@executable_path/Frameworks",
				);
				PRODUCT_BUNDLE_IDENTIFIER = io.fabricetienentte;
				PRODUCT_NAME = "$(TARGET_NAME)";
				PROVISIONING_PROFILE_SPECIFIER = "";
				SWIFT_VERSION = 5.0;
				TARGETED_DEVICE_FAMILY = "1,2";
			};
			name = Release;
		};
		2C06A106230C5B2200DFB473 /* Debug */ = {
			isa = XCBuildConfiguration;
			buildSettings = {
				BUNDLE_LOADER = "$(TEST_HOST)";
				CODE_SIGN_STYLE = Automatic;
				DEVELOPMENT_TEAM = B27HT7JX8Q;
				INFOPLIST_FILE = CountOnMeTests/Info.plist;
				IPHONEOS_DEPLOYMENT_TARGET = 12.4;
				LD_RUNPATH_SEARCH_PATHS = (
					"$(inherited)",
					"@executable_path/Frameworks",
					"@loader_path/Frameworks",
				);
				PRODUCT_BUNDLE_IDENTIFIER = io.fabricetiennette.CountOnMeTests;
				PRODUCT_NAME = "$(TARGET_NAME)";
				SWIFT_VERSION = 5.0;
				TARGETED_DEVICE_FAMILY = "1,2";
				TEST_HOST = "$(BUILT_PRODUCTS_DIR)/CountOnMe.app/CountOnMe";
			};
			name = Debug;
		};
		2C06A107230C5B2200DFB473 /* Release */ = {
			isa = XCBuildConfiguration;
			buildSettings = {
				BUNDLE_LOADER = "$(TEST_HOST)";
				CODE_SIGN_STYLE = Automatic;
				DEVELOPMENT_TEAM = B27HT7JX8Q;
				INFOPLIST_FILE = CountOnMeTests/Info.plist;
				IPHONEOS_DEPLOYMENT_TARGET = 12.4;
				LD_RUNPATH_SEARCH_PATHS = (
					"$(inherited)",
					"@executable_path/Frameworks",
					"@loader_path/Frameworks",
				);
				PRODUCT_BUNDLE_IDENTIFIER = io.fabricetiennette.CountOnMeTests;
				PRODUCT_NAME = "$(TARGET_NAME)";
				SWIFT_VERSION = 5.0;
				TARGETED_DEVICE_FAMILY = "1,2";
				TEST_HOST = "$(BUILT_PRODUCTS_DIR)/CountOnMe.app/CountOnMe";
			};
			name = Release;
		};
		2CD5E3FC2312C57000E50562 /* Debug */ = {
			isa = XCBuildConfiguration;
			buildSettings = {
				CODE_SIGN_STYLE = Automatic;
				DEVELOPMENT_TEAM = B27HT7JX8Q;
				INFOPLIST_FILE = CountOnMeUITests/Info.plist;
				IPHONEOS_DEPLOYMENT_TARGET = 12.4;
				LD_RUNPATH_SEARCH_PATHS = (
					"$(inherited)",
					"@executable_path/Frameworks",
					"@loader_path/Frameworks",
				);
				PRODUCT_BUNDLE_IDENTIFIER = io.fabricetiennette.CountOnMeUITests;
				PRODUCT_NAME = "$(TARGET_NAME)";
				SWIFT_VERSION = 5.0;
				TARGETED_DEVICE_FAMILY = "1,2";
				TEST_TARGET_NAME = CountOnMe;
			};
			name = Debug;
		};
		2CD5E3FD2312C57000E50562 /* Release */ = {
			isa = XCBuildConfiguration;
			buildSettings = {
				CODE_SIGN_STYLE = Automatic;
				DEVELOPMENT_TEAM = B27HT7JX8Q;
				INFOPLIST_FILE = CountOnMeUITests/Info.plist;
				IPHONEOS_DEPLOYMENT_TARGET = 12.4;
				LD_RUNPATH_SEARCH_PATHS = (
					"$(inherited)",
					"@executable_path/Frameworks",
					"@loader_path/Frameworks",
				);
				PRODUCT_BUNDLE_IDENTIFIER = io.fabricetiennette.CountOnMeUITests;
				PRODUCT_NAME = "$(TARGET_NAME)";
				SWIFT_VERSION = 5.0;
				TARGETED_DEVICE_FAMILY = "1,2";
				TEST_TARGET_NAME = CountOnMe;
			};
			name = Release;
		};
/* End XCBuildConfiguration section */

/* Begin XCConfigurationList section */
		1FA43BCA224E569900F565CB /* Build configuration list for PBXProject "CountOnMe" */ = {
			isa = XCConfigurationList;
			buildConfigurations = (
				1FA43BF5224E569A00F565CB /* Debug */,
				1FA43BF6224E569A00F565CB /* Release */,
			);
			defaultConfigurationIsVisible = 0;
			defaultConfigurationName = Release;
		};
		1FA43BF7224E569A00F565CB /* Build configuration list for PBXNativeTarget "CountOnMe" */ = {
			isa = XCConfigurationList;
			buildConfigurations = (
				1FA43BF8224E569A00F565CB /* Debug */,
				1FA43BF9224E569A00F565CB /* Release */,
			);
			defaultConfigurationIsVisible = 0;
			defaultConfigurationName = Release;
		};
		2C06A105230C5B2200DFB473 /* Build configuration list for PBXNativeTarget "CountOnMeTests" */ = {
			isa = XCConfigurationList;
			buildConfigurations = (
				2C06A106230C5B2200DFB473 /* Debug */,
				2C06A107230C5B2200DFB473 /* Release */,
			);
			defaultConfigurationIsVisible = 0;
			defaultConfigurationName = Release;
		};
		2CD5E3FE2312C57000E50562 /* Build configuration list for PBXNativeTarget "CountOnMeUITests" */ = {
			isa = XCConfigurationList;
			buildConfigurations = (
				2CD5E3FC2312C57000E50562 /* Debug */,
				2CD5E3FD2312C57000E50562 /* Release */,
			);
			defaultConfigurationIsVisible = 0;
			defaultConfigurationName = Release;
		};
/* End XCConfigurationList section */
	};
	rootObject = 1FA43BC7224E569900F565CB /* Project object */;
}
